
Microsoft Visual Studio Solution File, Format Version 12.00
# Visual Studio Version 17
VisualStudioVersion = 17.0.31919.166
MinimumVisualStudioVersion = 10.0.40219.1
Project("{FAE04EC0-301F-11D3-BF4B-00C04F79EFBC}") = "CassandraAPI", "CassandraAPI\CassandraAPI.csproj", "{384CAD85-0A7C-4C10-9621-89F0E44257A5}"
EndProject
Global
	GlobalSection(SolutionConfigurationPlatforms) = preSolution
		Debug|Any CPU = Debug|Any CPU
		Release|Any CPU = Release|Any CPU
	EndGlobalSection
	GlobalSection(ProjectConfigurationPlatforms) = postSolution
		{384CAD85-0A7C-4C10-9621-89F0E44257A5}.Debug|Any CPU.ActiveCfg = Debug|Any CPU
		{384CAD85-0A7C-4C10-9621-89F0E44257A5}.Debug|Any CPU.Build.0 = Debug|Any CPU
		{384CAD85-0A7C-4C10-9621-89F0E44257A5}.Release|Any CPU.ActiveCfg = Release|Any CPU
		{384CAD85-0A7C-4C10-9621-89F0E44257A5}.Release|Any CPU.Build.0 = Release|Any CPU
	EndGlobalSection
	GlobalSection(SolutionProperties) = preSolution
		HideSolutionNode = FALSE
	EndGlobalSection
	GlobalSection(ExtensibilityGlobals) = postSolution
		SolutionGuid = {EEFDB842-F41B-4851-B20C-7A2225E49877}
	EndGlobalSection
EndGlobal
